// !$*UTF8*$!
{
	archiveVersion = 1;
	classes = {
	};
	objectVersion = 50;
	objects = {

/* Begin PBXBuildFile section */
		0987BD532531785E000C66B5 /* AppDelegate.swift in Sources */ = {isa = PBXBuildFile; fileRef = 0987BD522531785E000C66B5 /* AppDelegate.swift */; };
		0987BD552531785E000C66B5 /* ContentView.swift in Sources */ = {isa = PBXBuildFile; fileRef = 0987BD542531785E000C66B5 /* ContentView.swift */; };
		0987BD582531785E000C66B5 /* Chrono.xcdatamodeld in Sources */ = {isa = PBXBuildFile; fileRef = 0987BD562531785E000C66B5 /* Chrono.xcdatamodeld */; };
		0987BD5A25317864000C66B5 /* Assets.xcassets in Resources */ = {isa = PBXBuildFile; fileRef = 0987BD5925317864000C66B5 /* Assets.xcassets */; };
		0987BD5D25317864000C66B5 /* Preview Assets.xcassets in Resources */ = {isa = PBXBuildFile; fileRef = 0987BD5C25317864000C66B5 /* Preview Assets.xcassets */; };
		0987BD6025317864000C66B5 /* Main.storyboard in Resources */ = {isa = PBXBuildFile; fileRef = 0987BD5E25317864000C66B5 /* Main.storyboard */; };
		0987BD6925317C2F000C66B5 /* StopWatchManager.swift in Sources */ = {isa = PBXBuildFile; fileRef = 0987BD6825317C2F000C66B5 /* StopWatchManager.swift */; };
/* End PBXBuildFile section */

/* Begin PBXFileReference section */
		0987BD4F2531785E000C66B5 /* Chrono.app */ = {isa = PBXFileReference; explicitFileType = wrapper.application; includeInIndex = 0; path = Chrono.app; sourceTree = BUILT_PRODUCTS_DIR; };
		0987BD522531785E000C66B5 /* AppDelegate.swift */ = {isa = PBXFileReference; lastKnownFileType = sourcecode.swift; path = AppDelegate.swift; sourceTree = "<group>"; };
		0987BD542531785E000C66B5 /* ContentView.swift */ = {isa = PBXFileReference; lastKnownFileType = sourcecode.swift; path = ContentView.swift; sourceTree = "<group>"; };
		0987BD572531785E000C66B5 /* Chrono.xcdatamodel */ = {isa = PBXFileReference; lastKnownFileType = wrapper.xcdatamodel; path = Chrono.xcdatamodel; sourceTree = "<group>"; };
		0987BD5925317864000C66B5 /* Assets.xcassets */ = {isa = PBXFileReference; lastKnownFileType = folder.assetcatalog; path = Assets.xcassets; sourceTree = "<group>"; };
		0987BD5C25317864000C66B5 /* Preview Assets.xcassets */ = {isa = PBXFileReference; lastKnownFileType = folder.assetcatalog; path = "Preview Assets.xcassets"; sourceTree = "<group>"; };
		0987BD5F25317864000C66B5 /* Base */ = {isa = PBXFileReference; lastKnownFileType = file.storyboard; name = Base; path = Base.lproj/Main.storyboard; sourceTree = "<group>"; };
		0987BD6125317864000C66B5 /* Info.plist */ = {isa = PBXFileReference; lastKnownFileType = text.plist.xml; path = Info.plist; sourceTree = "<group>"; };
		0987BD6225317864000C66B5 /* Chrono.entitlements */ = {isa = PBXFileReference; lastKnownFileType = text.plist.entitlements; path = Chrono.entitlements; sourceTree = "<group>"; };
		0987BD6825317C2F000C66B5 /* StopWatchManager.swift */ = {isa = PBXFileReference; lastKnownFileType = sourcecode.swift; path = StopWatchManager.swift; sourceTree = "<group>"; };
/* End PBXFileReference section */

/* Begin PBXFrameworksBuildPhase section */
		0987BD4C2531785E000C66B5 /* Frameworks */ = {
			isa = PBXFrameworksBuildPhase;
			buildActionMask = 2147483647;
			files = (
			);
			runOnlyForDeploymentPostprocessing = 0;
		};
/* End PBXFrameworksBuildPhase section */

/* Begin PBXGroup section */
		0987BD462531785E000C66B5 = {
			isa = PBXGroup;
			children = (
				0987BD512531785E000C66B5 /* Chrono */,
				0987BD502531785E000C66B5 /* Products */,
			);
			sourceTree = "<group>";
		};
		0987BD502531785E000C66B5 /* Products */ = {
			isa = PBXGroup;
			children = (
				0987BD4F2531785E000C66B5 /* Chrono.app */,
			);
			name = Products;
			sourceTree = "<group>";
		};
		0987BD512531785E000C66B5 /* Chrono */ = {
			isa = PBXGroup;
			children = (
				0987BD522531785E000C66B5 /* AppDelegate.swift */,
				0987BD542531785E000C66B5 /* ContentView.swift */,
				0987BD6825317C2F000C66B5 /* StopWatchManager.swift */,
				0987BD5925317864000C66B5 /* Assets.xcassets */,
				0987BD5E25317864000C66B5 /* Main.storyboard */,
				0987BD6125317864000C66B5 /* Info.plist */,
				0987BD6225317864000C66B5 /* Chrono.entitlements */,
				0987BD562531785E000C66B5 /* Chrono.xcdatamodeld */,
				0987BD5B25317864000C66B5 /* Preview Content */,
			);
			path = Chrono;
			sourceTree = "<group>";
		};
		0987BD5B25317864000C66B5 /* Preview Content */ = {
			isa = PBXGroup;
			children = (
				0987BD5C25317864000C66B5 /* Preview Assets.xcassets */,
			);
			path = "Preview Content";
			sourceTree = "<group>";
		};
/* End PBXGroup section */

/* Begin PBXNativeTarget section */
		0987BD4E2531785E000C66B5 /* Chrono */ = {
			isa = PBXNativeTarget;
			buildConfigurationList = 0987BD6525317864000C66B5 /* Build configuration list for PBXNativeTarget "Chrono" */;
			buildPhases = (
				0987BD4B2531785E000C66B5 /* Sources */,
				0987BD4C2531785E000C66B5 /* Frameworks */,
				0987BD4D2531785E000C66B5 /* Resources */,
			);
			buildRules = (
			);
			dependencies = (
			);
			name = Chrono;
			productName = Chrono;
			productReference = 0987BD4F2531785E000C66B5 /* Chrono.app */;
			productType = "com.apple.product-type.application";
		};
/* End PBXNativeTarget section */

/* Begin PBXProject section */
		0987BD472531785E000C66B5 /* Project object */ = {
			isa = PBXProject;
			attributes = {
				LastSwiftUpdateCheck = 1150;
				LastUpgradeCheck = 1150;
				ORGANIZATIONNAME = werkzeuge;
				TargetAttributes = {
					0987BD4E2531785E000C66B5 = {
						CreatedOnToolsVersion = 11.5;
					};
				};
			};
			buildConfigurationList = 0987BD4A2531785E000C66B5 /* Build configuration list for PBXProject "Chrono" */;
			compatibilityVersion = "Xcode 9.3";
			developmentRegion = en;
			hasScannedForEncodings = 0;
			knownRegions = (
				en,
				Base,
			);
			mainGroup = 0987BD462531785E000C66B5;
			productRefGroup = 0987BD502531785E000C66B5 /* Products */;
			projectDirPath = "";
			projectRoot = "";
			targets = (
				0987BD4E2531785E000C66B5 /* Chrono */,
			);
		};
/* End PBXProject section */

/* Begin PBXResourcesBuildPhase section */
		0987BD4D2531785E000C66B5 /* Resources */ = {
			isa = PBXResourcesBuildPhase;
			buildActionMask = 2147483647;
			files = (
				0987BD6025317864000C66B5 /* Main.storyboard in Resources */,
				0987BD5D25317864000C66B5 /* Preview Assets.xcassets in Resources */,
				0987BD5A25317864000C66B5 /* Assets.xcassets in Resources */,
			);
			runOnlyForDeploymentPostprocessing = 0;
		};
/* End PBXResourcesBuildPhase section */

/* Begin PBXSourcesBuildPhase section */
		0987BD4B2531785E000C66B5 /* Sources */ = {
			isa = PBXSourcesBuildPhase;
			buildActionMask = 2147483647;
			files = (
				0987BD582531785E000C66B5 /* Chrono.xcdatamodeld in Sources */,
				0987BD6925317C2F000C66B5 /* StopWatchManager.swift in Sources */,
				0987BD552531785E000C66B5 /* ContentView.swift in Sources */,
				0987BD532531785E000C66B5 /* AppDelegate.swift in Sources */,
			);
			runOnlyForDeploymentPostprocessing = 0;
		};
/* End PBXSourcesBuildPhase section */

/* Begin PBXVariantGroup section */
		0987BD5E25317864000C66B5 /* Main.storyboard */ = {
			isa = PBXVariantGroup;
			children = (
				0987BD5F25317864000C66B5 /* Base */,
			);
			name = Main.storyboard;
			sourceTree = "<group>";
		};
/* End PBXVariantGroup section */

/* Begin XCBuildConfiguration section */
		0987BD6325317864000C66B5 /* Debug */ = {
			isa = XCBuildConfiguration;
			buildSettings = {
				ALWAYS_SEARCH_USER_PATHS = NO;
				CLANG_ANALYZER_NONNULL = YES;
				CLANG_ANALYZER_NUMBER_OBJECT_CONVERSION = YES_AGGRESSIVE;
				CLANG_CXX_LANGUAGE_STANDARD = "gnu++14";
				CLANG_CXX_LIBRARY = "libc++";
				CLANG_ENABLE_MODULES = YES;
				CLANG_ENABLE_OBJC_ARC = YES;
				CLANG_ENABLE_OBJC_WEAK = YES;
				CLANG_WARN_BLOCK_CAPTURE_AUTORELEASING = YES;
				CLANG_WARN_BOOL_CONVERSION = YES;
				CLANG_WARN_COMMA = YES;
				CLANG_WARN_CONSTANT_CONVERSION = YES;
				CLANG_WARN_DEPRECATED_OBJC_IMPLEMENTATIONS = YES;
				CLANG_WARN_DIRECT_OBJC_ISA_USAGE = YES_ERROR;
				CLANG_WARN_DOCUMENTATION_COMMENTS = YES;
				CLANG_WARN_EMPTY_BODY = YES;
				CLANG_WARN_ENUM_CONVERSION = YES;
				CLANG_WARN_INFINITE_RECURSION = YES;
				CLANG_WARN_INT_CONVERSION = YES;
				CLANG_WARN_NON_LITERAL_NULL_CONVERSION = YES;
				CLANG_WARN_OBJC_IMPLICIT_RETAIN_SELF = YES;
				CLANG_WARN_OBJC_LITERAL_CONVERSION = YES;
				CLANG_WARN_OBJC_ROOT_CLASS = YES_ERROR;
				CLANG_WARN_RANGE_LOOP_ANALYSIS = YES;
				CLANG_WARN_STRICT_PROTOTYPES = YES;
				CLANG_WARN_SUSPICIOUS_MOVE = YES;
				CLANG_WARN_UNGUARDED_AVAILABILITY = YES_AGGRESSIVE;
				CLANG_WARN_UNREACHABLE_CODE = YES;
				CLANG_WARN__DUPLICATE_METHOD_MATCH = YES;
				COPY_PHASE_STRIP = NO;
				DEBUG_INFORMATION_FORMAT = dwarf;
				ENABLE_STRICT_OBJC_MSGSEND = YES;
				ENABLE_TESTABILITY = YES;
				GCC_C_LANGUAGE_STANDARD = gnu11;
				GCC_DYNAMIC_NO_PIC = NO;
				GCC_NO_COMMON_BLOCKS = YES;
				GCC_OPTIMIZATION_LEVEL = 0;
				GCC_PREPROCESSOR_DEFINITIONS = (
					"DEBUG=1",
					"$(inherited)",
				);
				GCC_WARN_64_TO_32_BIT_CONVERSION = YES;
				GCC_WARN_ABOUT_RETURN_TYPE = YES_ERROR;
				GCC_WARN_UNDECLARED_SELECTOR = YES;
				GCC_WARN_UNINITIALIZED_AUTOS = YES_AGGRESSIVE;
				GCC_WARN_UNUSED_FUNCTION = YES;
				GCC_WARN_UNUSED_VARIABLE = YES;
				MACOSX_DEPLOYMENT_TARGET = 10.15;
				MTL_ENABLE_DEBUG_INFO = INCLUDE_SOURCE;
				MTL_FAST_MATH = YES;
				ONLY_ACTIVE_ARCH = YES;
				SDKROOT = macosx;
				SWIFT_ACTIVE_COMPILATION_CONDITIONS = DEBUG;
				SWIFT_OPTIMIZATION_LEVEL = "-Onone";
			};
			name = Debug;
		};
		0987BD6425317864000C66B5 /* Release */ = {
			isa = XCBuildConfiguration;
			buildSettings = {
				ALWAYS_SEARCH_USER_PATHS = NO;
				CLANG_ANALYZER_NONNULL = YES;
				CLANG_ANALYZER_NUMBER_OBJECT_CONVERSION = YES_AGGRESSIVE;
				CLANG_CXX_LANGUAGE_STANDARD = "gnu++14";
				CLANG_CXX_LIBRARY = "libc++";
				CLANG_ENABLE_MODULES = YES;
				CLANG_ENABLE_OBJC_ARC = YES;
				CLANG_ENABLE_OBJC_WEAK = YES;
				CLANG_WARN_BLOCK_CAPTURE_AUTORELEASING = YES;
				CLANG_WARN_BOOL_CONVERSION = YES;
				CLANG_WARN_COMMA = YES;
				CLANG_WARN_CONSTANT_CONVERSION = YES;
				CLANG_WARN_DEPRECATED_OBJC_IMPLEMENTATIONS = YES;
				CLANG_WARN_DIRECT_OBJC_ISA_USAGE = YES_ERROR;
				CLANG_WARN_DOCUMENTATION_COMMENTS = YES;
				CLANG_WARN_EMPTY_BODY = YES;
				CLANG_WARN_ENUM_CONVERSION = YES;
				CLANG_WARN_INFINITE_RECURSION = YES;
				CLANG_WARN_INT_CONVERSION = YES;
				CLANG_WARN_NON_LITERAL_NULL_CONVERSION = YES;
				CLANG_WARN_OBJC_IMPLICIT_RETAIN_SELF = YES;
				CLANG_WARN_OBJC_LITERAL_CONVERSION = YES;
				CLANG_WARN_OBJC_ROOT_CLASS = YES_ERROR;
				CLANG_WARN_RANGE_LOOP_ANALYSIS = YES;
				CLANG_WARN_STRICT_PROTOTYPES = YES;
				CLANG_WARN_SUSPICIOUS_MOVE = YES;
				CLANG_WARN_UNGUARDED_AVAILABILITY = YES_AGGRESSIVE;
				CLANG_WARN_UNREACHABLE_CODE = YES;
				CLANG_WARN__DUPLICATE_METHOD_MATCH = YES;
				COPY_PHASE_STRIP = NO;
				DEBUG_INFORMATION_FORMAT = "dwarf-with-dsym";
				ENABLE_NS_ASSERTIONS = NO;
				ENABLE_STRICT_OBJC_MSGSEND = YES;
				GCC_C_LANGUAGE_STANDARD = gnu11;
				GCC_NO_COMMON_BLOCKS = YES;
				GCC_WARN_64_TO_32_BIT_CONVERSION = YES;
				GCC_WARN_ABOUT_RETURN_TYPE = YES_ERROR;
				GCC_WARN_UNDECLARED_SELECTOR = YES;
				GCC_WARN_UNINITIALIZED_AUTOS = YES_AGGRESSIVE;
				GCC_WARN_UNUSED_FUNCTION = YES;
				GCC_WARN_UNUSED_VARIABLE = YES;
				MACOSX_DEPLOYMENT_TARGET = 10.15;
				MTL_ENABLE_DEBUG_INFO = NO;
				MTL_FAST_MATH = YES;
				SDKROOT = macosx;
				SWIFT_COMPILATION_MODE = wholemodule;
				SWIFT_OPTIMIZATION_LEVEL = "-O";
			};
			name = Release;
		};
		0987BD6625317864000C66B5 /* Debug */ = {
			isa = XCBuildConfiguration;
			buildSettings = {
				ASSETCATALOG_COMPILER_APPICON_NAME = AppIcon;
				CODE_SIGN_ENTITLEMENTS = Chrono/Chrono.entitlements;
				CODE_SIGN_STYLE = Automatic;
				COMBINE_HIDPI_IMAGES = YES;
				DEVELOPMENT_ASSET_PATHS = "\"Chrono/Preview Content\"";
				ENABLE_PREVIEWS = YES;
				INFOPLIST_FILE = Chrono/Info.plist;
				LD_RUNPATH_SEARCH_PATHS = (
					"$(inherited)",
					"@executable_path/../Frameworks",
				);
				MACOSX_DEPLOYMENT_TARGET = 10.15;
				MARKETING_VERSION = 0.1;
				PRODUCT_BUNDLE_IDENTIFIER = com.werkzeuge.Chrono;
				PRODUCT_NAME = "$(TARGET_NAME)";
				SWIFT_VERSION = 5.0;
			};
			name = Debug;
		};
		0987BD6725317864000C66B5 /* Release */ = {
			isa = XCBuildConfiguration;
			buildSettings = {
				ASSETCATALOG_COMPILER_APPICON_NAME = AppIcon;
				CODE_SIGN_ENTITLEMENTS = Chrono/Chrono.entitlements;
				CODE_SIGN_STYLE = Automatic;
				COMBINE_HIDPI_IMAGES = YES;
				DEVELOPMENT_ASSET_PATHS = "\"Chrono/Preview Content\"";
				ENABLE_PREVIEWS = YES;
				INFOPLIST_FILE = Chrono/Info.plist;
				LD_RUNPATH_SEARCH_PATHS = (
					"$(inherited)",
					"@executable_path/../Frameworks",
				);
				MACOSX_DEPLOYMENT_TARGET = 10.15;
				MARKETING_VERSION = 0.1;
				PRODUCT_BUNDLE_IDENTIFIER = com.werkzeuge.Chrono;
				PRODUCT_NAME = "$(TARGET_NAME)";
				SWIFT_VERSION = 5.0;
			};
			name = Release;
		};
/* End XCBuildConfiguration section */

/* Begin XCConfigurationList section */
		0987BD4A2531785E000C66B5 /* Build configuration list for PBXProject "Chrono" */ = {
			isa = XCConfigurationList;
			buildConfigurations = (
				0987BD6325317864000C66B5 /* Debug */,
				0987BD6425317864000C66B5 /* Release */,
			);
			defaultConfigurationIsVisible = 0;
			defaultConfigurationName = Release;
		};
		0987BD6525317864000C66B5 /* Build configuration list for PBXNativeTarget "Chrono" */ = {
			isa = XCConfigurationList;
			buildConfigurations = (
				0987BD6625317864000C66B5 /* Debug */,
				0987BD6725317864000C66B5 /* Release */,
			);
			defaultConfigurationIsVisible = 0;
			defaultConfigurationName = Release;
		};
/* End XCConfigurationList section */

/* Begin XCVersionGroup section */
		0987BD562531785E000C66B5 /* Chrono.xcdatamodeld */ = {
			isa = XCVersionGroup;
			children = (
				0987BD572531785E000C66B5 /* Chrono.xcdatamodel */,
			);
			currentVersion = 0987BD572531785E000C66B5 /* Chrono.xcdatamodel */;
			path = Chrono.xcdatamodeld;
			sourceTree = "<group>";
			versionGroupType = wrapper.xcdatamodel;
		};
/* End XCVersionGroup section */
	};
	rootObject = 0987BD472531785E000C66B5 /* Project object */;
}
